
Microsoft Visual Studio Solution File, Format Version 12.00
# Visual Studio Version 16
VisualStudioVersion = 16.0.31829.152
MinimumVisualStudioVersion = 10.0.40219.1
Project("{2150E333-8FDC-42A3-9474-1A3956D46DE8}") = "Core", "Core", "{9719FF00-4399-4B4C-AAE8-81973626F896}"
EndProject
Project("{2150E333-8FDC-42A3-9474-1A3956D46DE8}") = "Presentation", "Presentation", "{D81038A1-C99E-4F25-A7D0-A5DFBD806DC5}"
EndProject
Project("{2150E333-8FDC-42A3-9474-1A3956D46DE8}") = "Tests", "Tests", "{A924A341-9E3D-4668-A13C-3211AF1DA2F8}"
EndProject
Project("{FAE04EC0-301F-11D3-BF4B-00C04F79EFBC}") = "Notes.Domain", "Notes.Domain\Notes.Domain.csproj", "{FE48638F-387E-48BF-B44F-48EBDD99DE0D}"
EndProject
Project("{FAE04EC0-301F-11D3-BF4B-00C04F79EFBC}") = "Notes.Aplication", "Notes.Aplication\Notes.Aplication.csproj", "{F8751D0E-C5CB-40F2-80DE-576D37580E3E}"
EndProject
Project("{FAE04EC0-301F-11D3-BF4B-00C04F79EFBC}") = "Notes.WebApi", "Notes.WebApi\Notes.WebApi.csproj", "{328E3863-8D7D-461D-B4DD-F9938040B397}"
EndProject
Project("{2150E333-8FDC-42A3-9474-1A3956D46DE8}") = "Infrastructure", "Infrastructure", "{F7B77FA7-29E2-4F0C-82C2-E206C1FB063D}"
EndProject
Project("{FAE04EC0-301F-11D3-BF4B-00C04F79EFBC}") = "Notes.Presistence", "Notes.Presistence\Notes.Presistence.csproj", "{88DFB45D-5385-4A6A-B9D7-26649F1CC2F0}"
EndProject
Global
	GlobalSection(SolutionConfigurationPlatforms) = preSolution
		Debug|Any CPU = Debug|Any CPU
		Release|Any CPU = Release|Any CPU
	EndGlobalSection
	GlobalSection(ProjectConfigurationPlatforms) = postSolution
		{FE48638F-387E-48BF-B44F-48EBDD99DE0D}.Debug|Any CPU.ActiveCfg = Debug|Any CPU
		{FE48638F-387E-48BF-B44F-48EBDD99DE0D}.Debug|Any CPU.Build.0 = Debug|Any CPU
		{FE48638F-387E-48BF-B44F-48EBDD99DE0D}.Release|Any CPU.ActiveCfg = Release|Any CPU
		{FE48638F-387E-48BF-B44F-48EBDD99DE0D}.Release|Any CPU.Build.0 = Release|Any CPU
		{F8751D0E-C5CB-40F2-80DE-576D37580E3E}.Debug|Any CPU.ActiveCfg = Debug|Any CPU
		{F8751D0E-C5CB-40F2-80DE-576D37580E3E}.Debug|Any CPU.Build.0 = Debug|Any CPU
		{F8751D0E-C5CB-40F2-80DE-576D37580E3E}.Release|Any CPU.ActiveCfg = Release|Any CPU
		{F8751D0E-C5CB-40F2-80DE-576D37580E3E}.Release|Any CPU.Build.0 = Release|Any CPU
		{328E3863-8D7D-461D-B4DD-F9938040B397}.Debug|Any CPU.ActiveCfg = Debug|Any CPU
		{328E3863-8D7D-461D-B4DD-F9938040B397}.Debug|Any CPU.Build.0 = Debug|Any CPU
		{328E3863-8D7D-461D-B4DD-F9938040B397}.Release|Any CPU.ActiveCfg = Release|Any CPU
		{328E3863-8D7D-461D-B4DD-F9938040B397}.Release|Any CPU.Build.0 = Release|Any CPU
		{88DFB45D-5385-4A6A-B9D7-26649F1CC2F0}.Debug|Any CPU.ActiveCfg = Debug|Any CPU
		{88DFB45D-5385-4A6A-B9D7-26649F1CC2F0}.Debug|Any CPU.Build.0 = Debug|Any CPU
		{88DFB45D-5385-4A6A-B9D7-26649F1CC2F0}.Release|Any CPU.ActiveCfg = Release|Any CPU
		{88DFB45D-5385-4A6A-B9D7-26649F1CC2F0}.Release|Any CPU.Build.0 = Release|Any CPU
	EndGlobalSection
	GlobalSection(SolutionProperties) = preSolution
		HideSolutionNode = FALSE
	EndGlobalSection
	GlobalSection(NestedProjects) = preSolution
		{FE48638F-387E-48BF-B44F-48EBDD99DE0D} = {9719FF00-4399-4B4C-AAE8-81973626F896}
		{F8751D0E-C5CB-40F2-80DE-576D37580E3E} = {9719FF00-4399-4B4C-AAE8-81973626F896}
		{328E3863-8D7D-461D-B4DD-F9938040B397} = {D81038A1-C99E-4F25-A7D0-A5DFBD806DC5}
		{88DFB45D-5385-4A6A-B9D7-26649F1CC2F0} = {F7B77FA7-29E2-4F0C-82C2-E206C1FB063D}
	EndGlobalSection
	GlobalSection(ExtensibilityGlobals) = postSolution
		SolutionGuid = {3A2C07B5-CEB0-4078-A044-9EE87FD3D45A}
	EndGlobalSection
EndGlobal
